// !$*UTF8*$!
{
	archiveVersion = 1;
	classes = {
	};
	objectVersion = 56;
	objects = {

/* Begin PBXBuildFile section */
		CDACD9732B1731D3000982FA /* AppDelegate.swift in Sources */ = {isa = PBXBuildFile; fileRef = CDACD9722B1731D3000982FA /* AppDelegate.swift */; };
		CDACD9752B1731D3000982FA /* SceneDelegate.swift in Sources */ = {isa = PBXBuildFile; fileRef = CDACD9742B1731D3000982FA /* SceneDelegate.swift */; };
		CDACD97C2B1731D5000982FA /* Assets.xcassets in Resources */ = {isa = PBXBuildFile; fileRef = CDACD97B2B1731D5000982FA /* Assets.xcassets */; };
		CDACD97F2B1731D5000982FA /* LaunchScreen.storyboard in Resources */ = {isa = PBXBuildFile; fileRef = CDACD97D2B1731D5000982FA /* LaunchScreen.storyboard */; };
		CDACD98E2B17337E000982FA /* NewsEntity.swift in Sources */ = {isa = PBXBuildFile; fileRef = CDACD98D2B17337E000982FA /* NewsEntity.swift */; };
		CDACD9902B17338C000982FA /* NewsWebService.swift in Sources */ = {isa = PBXBuildFile; fileRef = CDACD98F2B17338C000982FA /* NewsWebService.swift */; };
		CDACD9922B17339B000982FA /* NewsListViewModel.swift in Sources */ = {isa = PBXBuildFile; fileRef = CDACD9912B17339B000982FA /* NewsListViewModel.swift */; };
		CDACD9942B1733AE000982FA /* NewsDetailViewModel.swift in Sources */ = {isa = PBXBuildFile; fileRef = CDACD9932B1733AE000982FA /* NewsDetailViewModel.swift */; };
		CDACD9962B1733CF000982FA /* NewsListViewController.swift in Sources */ = {isa = PBXBuildFile; fileRef = CDACD9952B1733CF000982FA /* NewsListViewController.swift */; };
		CDACD9982B1733DE000982FA /* NewsDetailViewController.swift in Sources */ = {isa = PBXBuildFile; fileRef = CDACD9972B1733DE000982FA /* NewsDetailViewController.swift */; };
		CDACD99D2B175471000982FA /* NewsListTableViewCell.swift in Sources */ = {isa = PBXBuildFile; fileRef = CDACD99B2B175471000982FA /* NewsListTableViewCell.swift */; };
		CDACD99E2B175471000982FA /* NewsListTableViewCell.xib in Resources */ = {isa = PBXBuildFile; fileRef = CDACD99C2B175471000982FA /* NewsListTableViewCell.xib */; };
		CDACD9A02B1754EE000982FA /* News.storyboard in Resources */ = {isa = PBXBuildFile; fileRef = CDACD99F2B1754EE000982FA /* News.storyboard */; };
/* End PBXBuildFile section */

/* Begin PBXFileReference section */
		CDACD96F2B1731D3000982FA /* NewsHive-MVVM.app */ = {isa = PBXFileReference; explicitFileType = wrapper.application; includeInIndex = 0; path = "NewsHive-MVVM.app"; sourceTree = BUILT_PRODUCTS_DIR; };
		CDACD9722B1731D3000982FA /* AppDelegate.swift */ = {isa = PBXFileReference; lastKnownFileType = sourcecode.swift; path = AppDelegate.swift; sourceTree = "<group>"; };
		CDACD9742B1731D3000982FA /* SceneDelegate.swift */ = {isa = PBXFileReference; lastKnownFileType = sourcecode.swift; path = SceneDelegate.swift; sourceTree = "<group>"; };
		CDACD97B2B1731D5000982FA /* Assets.xcassets */ = {isa = PBXFileReference; lastKnownFileType = folder.assetcatalog; path = Assets.xcassets; sourceTree = "<group>"; };
		CDACD97E2B1731D5000982FA /* Base */ = {isa = PBXFileReference; lastKnownFileType = file.storyboard; name = Base; path = Base.lproj/LaunchScreen.storyboard; sourceTree = "<group>"; };
		CDACD9802B1731D5000982FA /* Info.plist */ = {isa = PBXFileReference; lastKnownFileType = text.plist.xml; path = Info.plist; sourceTree = "<group>"; };
		CDACD98D2B17337E000982FA /* NewsEntity.swift */ = {isa = PBXFileReference; lastKnownFileType = sourcecode.swift; path = NewsEntity.swift; sourceTree = "<group>"; };
		CDACD98F2B17338C000982FA /* NewsWebService.swift */ = {isa = PBXFileReference; lastKnownFileType = sourcecode.swift; path = NewsWebService.swift; sourceTree = "<group>"; };
		CDACD9912B17339B000982FA /* NewsListViewModel.swift */ = {isa = PBXFileReference; lastKnownFileType = sourcecode.swift; path = NewsListViewModel.swift; sourceTree = "<group>"; };
		CDACD9932B1733AE000982FA /* NewsDetailViewModel.swift */ = {isa = PBXFileReference; lastKnownFileType = sourcecode.swift; path = NewsDetailViewModel.swift; sourceTree = "<group>"; };
		CDACD9952B1733CF000982FA /* NewsListViewController.swift */ = {isa = PBXFileReference; lastKnownFileType = sourcecode.swift; path = NewsListViewController.swift; sourceTree = "<group>"; };
		CDACD9972B1733DE000982FA /* NewsDetailViewController.swift */ = {isa = PBXFileReference; lastKnownFileType = sourcecode.swift; path = NewsDetailViewController.swift; sourceTree = "<group>"; };
		CDACD99B2B175471000982FA /* NewsListTableViewCell.swift */ = {isa = PBXFileReference; lastKnownFileType = sourcecode.swift; path = NewsListTableViewCell.swift; sourceTree = "<group>"; };
		CDACD99C2B175471000982FA /* NewsListTableViewCell.xib */ = {isa = PBXFileReference; lastKnownFileType = file.xib; path = NewsListTableViewCell.xib; sourceTree = "<group>"; };
		CDACD99F2B1754EE000982FA /* News.storyboard */ = {isa = PBXFileReference; lastKnownFileType = file.storyboard; path = News.storyboard; sourceTree = "<group>"; };
/* End PBXFileReference section */

/* Begin PBXFrameworksBuildPhase section */
		CDACD96C2B1731D3000982FA /* Frameworks */ = {
			isa = PBXFrameworksBuildPhase;
			buildActionMask = 2147483647;
			files = (
			);
			runOnlyForDeploymentPostprocessing = 0;
		};
/* End PBXFrameworksBuildPhase section */

/* Begin PBXGroup section */
		CDACD9662B1731D3000982FA = {
			isa = PBXGroup;
			children = (
				CDACD9712B1731D3000982FA /* NewsHive-MVVM */,
				CDACD9702B1731D3000982FA /* Products */,
			);
			sourceTree = "<group>";
		};
		CDACD9702B1731D3000982FA /* Products */ = {
			isa = PBXGroup;
			children = (
				CDACD96F2B1731D3000982FA /* NewsHive-MVVM.app */,
			);
			name = Products;
			sourceTree = "<group>";
		};
		CDACD9712B1731D3000982FA /* NewsHive-MVVM */ = {
			isa = PBXGroup;
			children = (
				CDACD9992B1733EF000982FA /* Cell */,
				CDACD98C2B17331C000982FA /* Network */,
				CDACD98B2B17330F000982FA /* Model */,
				CDACD98A2B173307000982FA /* ViewModel */,
				CDACD9892B1732FE000982FA /* Storyboard */,
				CDACD9882B1732F7000982FA /* Controller */,
				CDACD9872B1732F2000982FA /* App */,
				CDACD9862B1732EB000982FA /* Util */,
				CDACD9802B1731D5000982FA /* Info.plist */,
			);
			path = "NewsHive-MVVM";
			sourceTree = "<group>";
		};
		CDACD9862B1732EB000982FA /* Util */ = {
			isa = PBXGroup;
			children = (
				CDACD97B2B1731D5000982FA /* Assets.xcassets */,
			);
			path = Util;
			sourceTree = "<group>";
		};
		CDACD9872B1732F2000982FA /* App */ = {
			isa = PBXGroup;
			children = (
				CDACD9722B1731D3000982FA /* AppDelegate.swift */,
				CDACD9742B1731D3000982FA /* SceneDelegate.swift */,
			);
			path = App;
			sourceTree = "<group>";
		};
		CDACD9882B1732F7000982FA /* Controller */ = {
			isa = PBXGroup;
			children = (
				CDACD9952B1733CF000982FA /* NewsListViewController.swift */,
				CDACD9972B1733DE000982FA /* NewsDetailViewController.swift */,
			);
			path = Controller;
			sourceTree = "<group>";
		};
		CDACD9892B1732FE000982FA /* Storyboard */ = {
			isa = PBXGroup;
			children = (
				CDACD99F2B1754EE000982FA /* News.storyboard */,
				CDACD97D2B1731D5000982FA /* LaunchScreen.storyboard */,
			);
			path = Storyboard;
			sourceTree = "<group>";
		};
		CDACD98A2B173307000982FA /* ViewModel */ = {
			isa = PBXGroup;
			children = (
				CDACD9912B17339B000982FA /* NewsListViewModel.swift */,
				CDACD9932B1733AE000982FA /* NewsDetailViewModel.swift */,
			);
			path = ViewModel;
			sourceTree = "<group>";
		};
		CDACD98B2B17330F000982FA /* Model */ = {
			isa = PBXGroup;
			children = (
				CDACD98D2B17337E000982FA /* NewsEntity.swift */,
			);
			path = Model;
			sourceTree = "<group>";
		};
		CDACD98C2B17331C000982FA /* Network */ = {
			isa = PBXGroup;
			children = (
				CDACD98F2B17338C000982FA /* NewsWebService.swift */,
			);
			path = Network;
			sourceTree = "<group>";
		};
		CDACD9992B1733EF000982FA /* Cell */ = {
			isa = PBXGroup;
			children = (
				CDACD99B2B175471000982FA /* NewsListTableViewCell.swift */,
				CDACD99C2B175471000982FA /* NewsListTableViewCell.xib */,
			);
			path = Cell;
			sourceTree = "<group>";
		};
/* End PBXGroup section */

/* Begin PBXNativeTarget section */
		CDACD96E2B1731D3000982FA /* NewsHive-MVVM */ = {
			isa = PBXNativeTarget;
			buildConfigurationList = CDACD9832B1731D5000982FA /* Build configuration list for PBXNativeTarget "NewsHive-MVVM" */;
			buildPhases = (
				CDACD96B2B1731D3000982FA /* Sources */,
				CDACD96C2B1731D3000982FA /* Frameworks */,
				CDACD96D2B1731D3000982FA /* Resources */,
			);
			buildRules = (
			);
			dependencies = (
			);
			name = "NewsHive-MVVM";
			productName = "NewsHive-MVVM";
			productReference = CDACD96F2B1731D3000982FA /* NewsHive-MVVM.app */;
			productType = "com.apple.product-type.application";
		};
/* End PBXNativeTarget section */

/* Begin PBXProject section */
		CDACD9672B1731D3000982FA /* Project object */ = {
			isa = PBXProject;
			attributes = {
				BuildIndependentTargetsInParallel = 1;
				LastSwiftUpdateCheck = 1500;
				LastUpgradeCheck = 1500;
				TargetAttributes = {
					CDACD96E2B1731D3000982FA = {
						CreatedOnToolsVersion = 15.0.1;
					};
				};
			};
			buildConfigurationList = CDACD96A2B1731D3000982FA /* Build configuration list for PBXProject "NewsHive-MVVM" */;
			compatibilityVersion = "Xcode 14.0";
			developmentRegion = en;
			hasScannedForEncodings = 0;
			knownRegions = (
				en,
				Base,
			);
			mainGroup = CDACD9662B1731D3000982FA;
			productRefGroup = CDACD9702B1731D3000982FA /* Products */;
			projectDirPath = "";
			projectRoot = "";
			targets = (
				CDACD96E2B1731D3000982FA /* NewsHive-MVVM */,
			);
		};
/* End PBXProject section */

/* Begin PBXResourcesBuildPhase section */
		CDACD96D2B1731D3000982FA /* Resources */ = {
			isa = PBXResourcesBuildPhase;
			buildActionMask = 2147483647;
			files = (
				CDACD97F2B1731D5000982FA /* LaunchScreen.storyboard in Resources */,
				CDACD97C2B1731D5000982FA /* Assets.xcassets in Resources */,
				CDACD99E2B175471000982FA /* NewsListTableViewCell.xib in Resources */,
				CDACD9A02B1754EE000982FA /* News.storyboard in Resources */,
			);
			runOnlyForDeploymentPostprocessing = 0;
		};
/* End PBXResourcesBuildPhase section */

/* Begin PBXSourcesBuildPhase section */
		CDACD96B2B1731D3000982FA /* Sources */ = {
			isa = PBXSourcesBuildPhase;
			buildActionMask = 2147483647;
			files = (
				CDACD9982B1733DE000982FA /* NewsDetailViewController.swift in Sources */,
				CDACD99D2B175471000982FA /* NewsListTableViewCell.swift in Sources */,
				CDACD9942B1733AE000982FA /* NewsDetailViewModel.swift in Sources */,
				CDACD98E2B17337E000982FA /* NewsEntity.swift in Sources */,
				CDACD9732B1731D3000982FA /* AppDelegate.swift in Sources */,
				CDACD9962B1733CF000982FA /* NewsListViewController.swift in Sources */,
				CDACD9752B1731D3000982FA /* SceneDelegate.swift in Sources */,
				CDACD9902B17338C000982FA /* NewsWebService.swift in Sources */,
				CDACD9922B17339B000982FA /* NewsListViewModel.swift in Sources */,
			);
			runOnlyForDeploymentPostprocessing = 0;
		};
/* End PBXSourcesBuildPhase section */

/* Begin PBXVariantGroup section */
		CDACD97D2B1731D5000982FA /* LaunchScreen.storyboard */ = {
			isa = PBXVariantGroup;
			children = (
				CDACD97E2B1731D5000982FA /* Base */,
			);
			name = LaunchScreen.storyboard;
			sourceTree = "<group>";
		};
/* End PBXVariantGroup section */

/* Begin XCBuildConfiguration section */
		CDACD9812B1731D5000982FA /* Debug */ = {
			isa = XCBuildConfiguration;
			buildSettings = {
				ALWAYS_SEARCH_USER_PATHS = NO;
				ASSETCATALOG_COMPILER_GENERATE_SWIFT_ASSET_SYMBOL_EXTENSIONS = YES;
				CLANG_ANALYZER_NONNULL = YES;
				CLANG_ANALYZER_NUMBER_OBJECT_CONVERSION = YES_AGGRESSIVE;
				CLANG_CXX_LANGUAGE_STANDARD = "gnu++20";
				CLANG_ENABLE_MODULES = YES;
				CLANG_ENABLE_OBJC_ARC = YES;
				CLANG_ENABLE_OBJC_WEAK = YES;
				CLANG_WARN_BLOCK_CAPTURE_AUTORELEASING = YES;
				CLANG_WARN_BOOL_CONVERSION = YES;
				CLANG_WARN_COMMA = YES;
				CLANG_WARN_CONSTANT_CONVERSION = YES;
				CLANG_WARN_DEPRECATED_OBJC_IMPLEMENTATIONS = YES;
				CLANG_WARN_DIRECT_OBJC_ISA_USAGE = YES_ERROR;
				CLANG_WARN_DOCUMENTATION_COMMENTS = YES;
				CLANG_WARN_EMPTY_BODY = YES;
				CLANG_WARN_ENUM_CONVERSION = YES;
				CLANG_WARN_INFINITE_RECURSION = YES;
				CLANG_WARN_INT_CONVERSION = YES;
				CLANG_WARN_NON_LITERAL_NULL_CONVERSION = YES;
				CLANG_WARN_OBJC_IMPLICIT_RETAIN_SELF = YES;
				CLANG_WARN_OBJC_LITERAL_CONVERSION = YES;
				CLANG_WARN_OBJC_ROOT_CLASS = YES_ERROR;
				CLANG_WARN_QUOTED_INCLUDE_IN_FRAMEWORK_HEADER = YES;
				CLANG_WARN_RANGE_LOOP_ANALYSIS = YES;
				CLANG_WARN_STRICT_PROTOTYPES = YES;
				CLANG_WARN_SUSPICIOUS_MOVE = YES;
				CLANG_WARN_UNGUARDED_AVAILABILITY = YES_AGGRESSIVE;
				CLANG_WARN_UNREACHABLE_CODE = YES;
				CLANG_WARN__DUPLICATE_METHOD_MATCH = YES;
				COPY_PHASE_STRIP = NO;
				DEBUG_INFORMATION_FORMAT = dwarf;
				ENABLE_STRICT_OBJC_MSGSEND = YES;
				ENABLE_TESTABILITY = YES;
				ENABLE_USER_SCRIPT_SANDBOXING = YES;
				GCC_C_LANGUAGE_STANDARD = gnu17;
				GCC_DYNAMIC_NO_PIC = NO;
				GCC_NO_COMMON_BLOCKS = YES;
				GCC_OPTIMIZATION_LEVEL = 0;
				GCC_PREPROCESSOR_DEFINITIONS = (
					"DEBUG=1",
					"$(inherited)",
				);
				GCC_WARN_64_TO_32_BIT_CONVERSION = YES;
				GCC_WARN_ABOUT_RETURN_TYPE = YES_ERROR;
				GCC_WARN_UNDECLARED_SELECTOR = YES;
				GCC_WARN_UNINITIALIZED_AUTOS = YES_AGGRESSIVE;
				GCC_WARN_UNUSED_FUNCTION = YES;
				GCC_WARN_UNUSED_VARIABLE = YES;
				IPHONEOS_DEPLOYMENT_TARGET = 17.0;
				LOCALIZATION_PREFERS_STRING_CATALOGS = YES;
				MTL_ENABLE_DEBUG_INFO = INCLUDE_SOURCE;
				MTL_FAST_MATH = YES;
				ONLY_ACTIVE_ARCH = YES;
				SDKROOT = iphoneos;
				SWIFT_ACTIVE_COMPILATION_CONDITIONS = "DEBUG $(inherited)";
				SWIFT_OPTIMIZATION_LEVEL = "-Onone";
			};
			name = Debug;
		};
		CDACD9822B1731D5000982FA /* Release */ = {
			isa = XCBuildConfiguration;
			buildSettings = {
				ALWAYS_SEARCH_USER_PATHS = NO;
				ASSETCATALOG_COMPILER_GENERATE_SWIFT_ASSET_SYMBOL_EXTENSIONS = YES;
				CLANG_ANALYZER_NONNULL = YES;
				CLANG_ANALYZER_NUMBER_OBJECT_CONVERSION = YES_AGGRESSIVE;
				CLANG_CXX_LANGUAGE_STANDARD = "gnu++20";
				CLANG_ENABLE_MODULES = YES;
				CLANG_ENABLE_OBJC_ARC = YES;
				CLANG_ENABLE_OBJC_WEAK = YES;
				CLANG_WARN_BLOCK_CAPTURE_AUTORELEASING = YES;
				CLANG_WARN_BOOL_CONVERSION = YES;
				CLANG_WARN_COMMA = YES;
				CLANG_WARN_CONSTANT_CONVERSION = YES;
				CLANG_WARN_DEPRECATED_OBJC_IMPLEMENTATIONS = YES;
				CLANG_WARN_DIRECT_OBJC_ISA_USAGE = YES_ERROR;
				CLANG_WARN_DOCUMENTATION_COMMENTS = YES;
				CLANG_WARN_EMPTY_BODY = YES;
				CLANG_WARN_ENUM_CONVERSION = YES;
				CLANG_WARN_INFINITE_RECURSION = YES;
				CLANG_WARN_INT_CONVERSION = YES;
				CLANG_WARN_NON_LITERAL_NULL_CONVERSION = YES;
				CLANG_WARN_OBJC_IMPLICIT_RETAIN_SELF = YES;
				CLANG_WARN_OBJC_LITERAL_CONVERSION = YES;
				CLANG_WARN_OBJC_ROOT_CLASS = YES_ERROR;
				CLANG_WARN_QUOTED_INCLUDE_IN_FRAMEWORK_HEADER = YES;
				CLANG_WARN_RANGE_LOOP_ANALYSIS = YES;
				CLANG_WARN_STRICT_PROTOTYPES = YES;
				CLANG_WARN_SUSPICIOUS_MOVE = YES;
				CLANG_WARN_UNGUARDED_AVAILABILITY = YES_AGGRESSIVE;
				CLANG_WARN_UNREACHABLE_CODE = YES;
				CLANG_WARN__DUPLICATE_METHOD_MATCH = YES;
				COPY_PHASE_STRIP = NO;
				DEBUG_INFORMATION_FORMAT = "dwarf-with-dsym";
				ENABLE_NS_ASSERTIONS = NO;
				ENABLE_STRICT_OBJC_MSGSEND = YES;
				ENABLE_USER_SCRIPT_SANDBOXING = YES;
				GCC_C_LANGUAGE_STANDARD = gnu17;
				GCC_NO_COMMON_BLOCKS = YES;
				GCC_WARN_64_TO_32_BIT_CONVERSION = YES;
				GCC_WARN_ABOUT_RETURN_TYPE = YES_ERROR;
				GCC_WARN_UNDECLARED_SELECTOR = YES;
				GCC_WARN_UNINITIALIZED_AUTOS = YES_AGGRESSIVE;
				GCC_WARN_UNUSED_FUNCTION = YES;
				GCC_WARN_UNUSED_VARIABLE = YES;
				IPHONEOS_DEPLOYMENT_TARGET = 17.0;
				LOCALIZATION_PREFERS_STRING_CATALOGS = YES;
				MTL_ENABLE_DEBUG_INFO = NO;
				MTL_FAST_MATH = YES;
				SDKROOT = iphoneos;
				SWIFT_COMPILATION_MODE = wholemodule;
				VALIDATE_PRODUCT = YES;
			};
			name = Release;
		};
		CDACD9842B1731D5000982FA /* Debug */ = {
			isa = XCBuildConfiguration;
			buildSettings = {
				ASSETCATALOG_COMPILER_APPICON_NAME = AppIcon;
				ASSETCATALOG_COMPILER_GLOBAL_ACCENT_COLOR_NAME = AccentColor;
				CODE_SIGN_STYLE = Automatic;
				CURRENT_PROJECT_VERSION = 1;
				DEVELOPMENT_TEAM = RZSC673WUP;
				GENERATE_INFOPLIST_FILE = YES;
				INFOPLIST_FILE = "NewsHive-MVVM/Info.plist";
				INFOPLIST_KEY_UIApplicationSupportsIndirectInputEvents = YES;
				INFOPLIST_KEY_UILaunchStoryboardName = LaunchScreen;
				INFOPLIST_KEY_UISupportedInterfaceOrientations_iPad = "UIInterfaceOrientationPortrait UIInterfaceOrientationPortraitUpsideDown UIInterfaceOrientationLandscapeLeft UIInterfaceOrientationLandscapeRight";
				INFOPLIST_KEY_UISupportedInterfaceOrientations_iPhone = "UIInterfaceOrientationPortrait UIInterfaceOrientationLandscapeLeft UIInterfaceOrientationLandscapeRight";
				LD_RUNPATH_SEARCH_PATHS = (
					"$(inherited)",
					"@executable_path/Frameworks",
				);
				MARKETING_VERSION = 1.0;
				PRODUCT_BUNDLE_IDENTIFIER = "ahmetenesirmak.NewsHive-MVVM";
				PRODUCT_NAME = "$(TARGET_NAME)";
				SWIFT_EMIT_LOC_STRINGS = YES;
				SWIFT_VERSION = 5.0;
				TARGETED_DEVICE_FAMILY = "1,2";
			};
			name = Debug;
		};
		CDACD9852B1731D5000982FA /* Release */ = {
			isa = XCBuildConfiguration;
			buildSettings = {
				ASSETCATALOG_COMPILER_APPICON_NAME = AppIcon;
				ASSETCATALOG_COMPILER_GLOBAL_ACCENT_COLOR_NAME = AccentColor;
				CODE_SIGN_STYLE = Automatic;
				CURRENT_PROJECT_VERSION = 1;
				DEVELOPMENT_TEAM = RZSC673WUP;
				GENERATE_INFOPLIST_FILE = YES;
				INFOPLIST_FILE = "NewsHive-MVVM/Info.plist";
				INFOPLIST_KEY_UIApplicationSupportsIndirectInputEvents = YES;
				INFOPLIST_KEY_UILaunchStoryboardName = LaunchScreen;
				INFOPLIST_KEY_UISupportedInterfaceOrientations_iPad = "UIInterfaceOrientationPortrait UIInterfaceOrientationPortraitUpsideDown UIInterfaceOrientationLandscapeLeft UIInterfaceOrientationLandscapeRight";
				INFOPLIST_KEY_UISupportedInterfaceOrientations_iPhone = "UIInterfaceOrientationPortrait UIInterfaceOrientationLandscapeLeft UIInterfaceOrientationLandscapeRight";
				LD_RUNPATH_SEARCH_PATHS = (
					"$(inherited)",
					"@executable_path/Frameworks",
				);
				MARKETING_VERSION = 1.0;
				PRODUCT_BUNDLE_IDENTIFIER = "ahmetenesirmak.NewsHive-MVVM";
				PRODUCT_NAME = "$(TARGET_NAME)";
				SWIFT_EMIT_LOC_STRINGS = YES;
				SWIFT_VERSION = 5.0;
				TARGETED_DEVICE_FAMILY = "1,2";
			};
			name = Release;
		};
/* End XCBuildConfiguration section */

/* Begin XCConfigurationList section */
		CDACD96A2B1731D3000982FA /* Build configuration list for PBXProject "NewsHive-MVVM" */ = {
			isa = XCConfigurationList;
			buildConfigurations = (
				CDACD9812B1731D5000982FA /* Debug */,
				CDACD9822B1731D5000982FA /* Release */,
			);
			defaultConfigurationIsVisible = 0;
			defaultConfigurationName = Release;
		};
		CDACD9832B1731D5000982FA /* Build configuration list for PBXNativeTarget "NewsHive-MVVM" */ = {
			isa = XCConfigurationList;
			buildConfigurations = (
				CDACD9842B1731D5000982FA /* Debug */,
				CDACD9852B1731D5000982FA /* Release */,
			);
			defaultConfigurationIsVisible = 0;
			defaultConfigurationName = Release;
		};
/* End XCConfigurationList section */
	};
	rootObject = CDACD9672B1731D3000982FA /* Project object */;
}
